{
  "name": "stream-for-effect",
  "version": "1.0.0",
  "lockfileVersion": 3,
  "requires": true,
  "packages": {
    "": {
      "name": "stream-for-effect",
      "version": "1.0.0",
      "license": "ISC",
      "dependencies": {
        "effect": "^3.2.5"
      }
    },
    "node_modules/effect": {
      "version": "3.2.5",
      "resolved": "https://registry.npmjs.org/effect/-/effect-3.2.5.tgz",
      "integrity": "sha512-Qs/NAX2s/ClRATbiImc4IuzzAs+1RaFzZm7zRx9NKmLFnIeCC+h2LwkrOuprG3PsDM+g1IfPEFWvVbTSDKPnFA=="
    }
  }
}
